// !$*UTF8*$!
{
	archiveVersion = 1;
	classes = {
	};
	objectVersion = 56;
	objects = {

/* Begin PBXBuildFile section */
		D7A1318E2B59E94C0079D7AA /* RNBOWrapper.cpp in Sources */ = {isa = PBXBuildFile; fileRef = D7A1318C2B59E94B0079D7AA /* RNBOWrapper.cpp */; };
		D7A1318F2B59E94C0079D7AA /* RNBOWrapper.hpp in Headers */ = {isa = PBXBuildFile; fileRef = D7A1318D2B59E94B0079D7AA /* RNBOWrapper.hpp */; };
		D7A320142AFCEC0800EBC112 /* RNBO_FMOD.cpp in Sources */ = {isa = PBXBuildFile; fileRef = D7A320132AFCEC0800EBC112 /* RNBO_FMOD.cpp */; };
		D7F7C8672BCAF9550003A118 /* RNBO_Array.h in Headers */ = {isa = PBXBuildFile; fileRef = D7F7C7C62BCAF9550003A118 /* RNBO_Array.h */; };
		D7F7C8682BCAF9550003A118 /* RNBO_AudioSignal.h in Headers */ = {isa = PBXBuildFile; fileRef = D7F7C7C72BCAF9550003A118 /* RNBO_AudioSignal.h */; };
		D7F7C8692BCAF9550003A118 /* RNBO_BaseInterface.h in Headers */ = {isa = PBXBuildFile; fileRef = D7F7C7C82BCAF9550003A118 /* RNBO_BaseInterface.h */; };
		D7F7C86A2BCAF9550003A118 /* RNBO_CMath.h in Headers */ = {isa = PBXBuildFile; fileRef = D7F7C7C92BCAF9550003A118 /* RNBO_CMath.h */; };
		D7F7C86B2BCAF9550003A118 /* RNBO_Common.h in Headers */ = {isa = PBXBuildFile; fileRef = D7F7C7CA2BCAF9550003A118 /* RNBO_Common.h */; };
		D7F7C86C2BCAF9550003A118 /* RNBO_CompilerMacros.h in Headers */ = {isa = PBXBuildFile; fileRef = D7F7C7CB2BCAF9550003A118 /* RNBO_CompilerMacros.h */; };
		D7F7C86D2BCAF9550003A118 /* RNBO_DataRef.h in Headers */ = {isa = PBXBuildFile; fileRef = D7F7C7CC2BCAF9550003A118 /* RNBO_DataRef.h */; };
		D7F7C86E2BCAF9550003A118 /* RNBO_Debug.h in Headers */ = {isa = PBXBuildFile; fileRef = D7F7C7CD2BCAF9550003A118 /* RNBO_Debug.h */; };
		D7F7C86F2BCAF9550003A118 /* RNBO_EngineInterface.h in Headers */ = {isa = PBXBuildFile; fileRef = D7F7C7CE2BCAF9550003A118 /* RNBO_EngineInterface.h */; };
		D7F7C8702BCAF9550003A118 /* RNBO_EngineLink.h in Headers */ = {isa = PBXBuildFile; fileRef = D7F7C7CF2BCAF9550003A118 /* RNBO_EngineLink.h */; };
		D7F7C8712BCAF9550003A118 /* RNBO_EventTarget.h in Headers */ = {isa = PBXBuildFile; fileRef = D7F7C7D02BCAF9550003A118 /* RNBO_EventTarget.h */; };
		D7F7C8722BCAF9550003A118 /* RNBO_ExternalBase.h in Headers */ = {isa = PBXBuildFile; fileRef = D7F7C7D12BCAF9550003A118 /* RNBO_ExternalBase.h */; };
		D7F7C8732BCAF9550003A118 /* RNBO_ExternalPtr.h in Headers */ = {isa = PBXBuildFile; fileRef = D7F7C7D22BCAF9550003A118 /* RNBO_ExternalPtr.h */; };
		D7F7C8742BCAF9550003A118 /* RNBO_List.h in Headers */ = {isa = PBXBuildFile; fileRef = D7F7C7D32BCAF9550003A118 /* RNBO_List.h */; };
		D7F7C8752BCAF9550003A118 /* RNBO_ListHelpers.h in Headers */ = {isa = PBXBuildFile; fileRef = D7F7C7D42BCAF9550003A118 /* RNBO_ListHelpers.h */; };
		D7F7C8762BCAF9550003A118 /* RNBO_Logger.h in Headers */ = {isa = PBXBuildFile; fileRef = D7F7C7D52BCAF9550003A118 /* RNBO_Logger.h */; };
		D7F7C8772BCAF9550003A118 /* RNBO_Math.h in Headers */ = {isa = PBXBuildFile; fileRef = D7F7C7D62BCAF9550003A118 /* RNBO_Math.h */; };
		D7F7C8782BCAF9550003A118 /* RNBO_MathFast.h in Headers */ = {isa = PBXBuildFile; fileRef = D7F7C7D72BCAF9550003A118 /* RNBO_MathFast.h */; };
		D7F7C8792BCAF9550003A118 /* RNBO_MIDIHelper.h in Headers */ = {isa = PBXBuildFile; fileRef = D7F7C7D82BCAF9550003A118 /* RNBO_MIDIHelper.h */; };
		D7F7C87A2BCAF9550003A118 /* RNBO_ParameterInterface.h in Headers */ = {isa = PBXBuildFile; fileRef = D7F7C7D92BCAF9550003A118 /* RNBO_ParameterInterface.h */; };
		D7F7C87B2BCAF9550003A118 /* RNBO_PatcherEventTarget.h in Headers */ = {isa = PBXBuildFile; fileRef = D7F7C7DA2BCAF9550003A118 /* RNBO_PatcherEventTarget.h */; };
		D7F7C87C2BCAF9550003A118 /* RNBO_PatcherFactory.h in Headers */ = {isa = PBXBuildFile; fileRef = D7F7C7DB2BCAF9550003A118 /* RNBO_PatcherFactory.h */; };
		D7F7C87D2BCAF9550003A118 /* RNBO_PatcherInterface.h in Headers */ = {isa = PBXBuildFile; fileRef = D7F7C7DC2BCAF9550003A118 /* RNBO_PatcherInterface.h */; };
		D7F7C87E2BCAF9550003A118 /* RNBO_PatcherInterfaceImpl.h in Headers */ = {isa = PBXBuildFile; fileRef = D7F7C7DD2BCAF9550003A118 /* RNBO_PatcherInterfaceImpl.h */; };
		D7F7C87F2BCAF9550003A118 /* RNBO_PatcherStateInterface.h in Headers */ = {isa = PBXBuildFile; fileRef = D7F7C7DE2BCAF9550003A118 /* RNBO_PatcherStateInterface.h */; };
		D7F7C8802BCAF9550003A118 /* RNBO_PlatformInterface.h in Headers */ = {isa = PBXBuildFile; fileRef = D7F7C7DF2BCAF9550003A118 /* RNBO_PlatformInterface.h */; };
		D7F7C8812BCAF9550003A118 /* RNBO_ProbingInterface.h in Headers */ = {isa = PBXBuildFile; fileRef = D7F7C7E02BCAF9550003A118 /* RNBO_ProbingInterface.h */; };
		D7F7C8822BCAF9550003A118 /* RNBO_ProcessInterface.h in Headers */ = {isa = PBXBuildFile; fileRef = D7F7C7E12BCAF9550003A118 /* RNBO_ProcessInterface.h */; };
		D7F7C8832BCAF9550003A118 /* RNBO_Std.h in Headers */ = {isa = PBXBuildFile; fileRef = D7F7C7E22BCAF9550003A118 /* RNBO_Std.h */; };
		D7F7C8842BCAF9550003A118 /* RNBO_String.h in Headers */ = {isa = PBXBuildFile; fileRef = D7F7C7E32BCAF9550003A118 /* RNBO_String.h */; };
		D7F7C8852BCAF9550003A118 /* RNBO_TimeConverter.h in Headers */ = {isa = PBXBuildFile; fileRef = D7F7C7E42BCAF9550003A118 /* RNBO_TimeConverter.h */; };
		D7F7C8862BCAF9550003A118 /* RNBO_Types.h in Headers */ = {isa = PBXBuildFile; fileRef = D7F7C7E52BCAF9550003A118 /* RNBO_Types.h */; };
		D7F7C8872BCAF9550003A118 /* RNBO_UniquePtr.h in Headers */ = {isa = PBXBuildFile; fileRef = D7F7C7E62BCAF9550003A118 /* RNBO_UniquePtr.h */; };
		D7F7C8882BCAF9550003A118 /* RNBO_Version.h in Headers */ = {isa = PBXBuildFile; fileRef = D7F7C7E72BCAF9550003A118 /* RNBO_Version.h */; };
		D7F7C8DC2BCAF9550003A118 /* RNBO.cpp in Sources */ = {isa = PBXBuildFile; fileRef = D7F7C84E2BCAF9550003A118 /* RNBO.cpp */; };
		D7F7C8DD2BCAF9550003A118 /* RNBO.h in Headers */ = {isa = PBXBuildFile; fileRef = D7F7C84F2BCAF9550003A118 /* RNBO.h */; };
		D7F7C8DE2BCAF9550003A118 /* rnbo_source.cpp in Sources */ = {isa = PBXBuildFile; fileRef = D7F7C8552BCAF9550003A118 /* rnbo_source.cpp */; };
/* End PBXBuildFile section */

/* Begin PBXFileReference section */
		D7A1318C2B59E94B0079D7AA /* RNBOWrapper.cpp */ = {isa = PBXFileReference; lastKnownFileType = sourcecode.cpp.cpp; path = RNBOWrapper.cpp; sourceTree = "<group>"; };
		D7A1318D2B59E94B0079D7AA /* RNBOWrapper.hpp */ = {isa = PBXFileReference; lastKnownFileType = sourcecode.cpp.h; path = RNBOWrapper.hpp; sourceTree = "<group>"; };
		D7A3200C2AFCEBE500EBC112 /* libRNBO_FMOD.dylib */ = {isa = PBXFileReference; explicitFileType = "compiled.mach-o.dylib"; includeInIndex = 0; path = libRNBO_FMOD.dylib; sourceTree = BUILT_PRODUCTS_DIR; };
		D7A320132AFCEC0800EBC112 /* RNBO_FMOD.cpp */ = {isa = PBXFileReference; lastKnownFileType = sourcecode.cpp.cpp; path = RNBO_FMOD.cpp; sourceTree = "<group>"; };
		D7F7C7C62BCAF9550003A118 /* RNBO_Array.h */ = {isa = PBXFileReference; fileEncoding = 4; lastKnownFileType = sourcecode.c.h; path = RNBO_Array.h; sourceTree = "<group>"; };
		D7F7C7C72BCAF9550003A118 /* RNBO_AudioSignal.h */ = {isa = PBXFileReference; fileEncoding = 4; lastKnownFileType = sourcecode.c.h; path = RNBO_AudioSignal.h; sourceTree = "<group>"; };
		D7F7C7C82BCAF9550003A118 /* RNBO_BaseInterface.h */ = {isa = PBXFileReference; fileEncoding = 4; lastKnownFileType = sourcecode.c.h; path = RNBO_BaseInterface.h; sourceTree = "<group>"; };
		D7F7C7C92BCAF9550003A118 /* RNBO_CMath.h */ = {isa = PBXFileReference; fileEncoding = 4; lastKnownFileType = sourcecode.c.h; path = RNBO_CMath.h; sourceTree = "<group>"; };
		D7F7C7CA2BCAF9550003A118 /* RNBO_Common.h */ = {isa = PBXFileReference; fileEncoding = 4; lastKnownFileType = sourcecode.c.h; path = RNBO_Common.h; sourceTree = "<group>"; };
		D7F7C7CB2BCAF9550003A118 /* RNBO_CompilerMacros.h */ = {isa = PBXFileReference; fileEncoding = 4; lastKnownFileType = sourcecode.c.h; path = RNBO_CompilerMacros.h; sourceTree = "<group>"; };
		D7F7C7CC2BCAF9550003A118 /* RNBO_DataRef.h */ = {isa = PBXFileReference; fileEncoding = 4; lastKnownFileType = sourcecode.c.h; path = RNBO_DataRef.h; sourceTree = "<group>"; };
		D7F7C7CD2BCAF9550003A118 /* RNBO_Debug.h */ = {isa = PBXFileReference; fileEncoding = 4; lastKnownFileType = sourcecode.c.h; path = RNBO_Debug.h; sourceTree = "<group>"; };
		D7F7C7CE2BCAF9550003A118 /* RNBO_EngineInterface.h */ = {isa = PBXFileReference; fileEncoding = 4; lastKnownFileType = sourcecode.c.h; path = RNBO_EngineInterface.h; sourceTree = "<group>"; };
		D7F7C7CF2BCAF9550003A118 /* RNBO_EngineLink.h */ = {isa = PBXFileReference; fileEncoding = 4; lastKnownFileType = sourcecode.c.h; path = RNBO_EngineLink.h; sourceTree = "<group>"; };
		D7F7C7D02BCAF9550003A118 /* RNBO_EventTarget.h */ = {isa = PBXFileReference; fileEncoding = 4; lastKnownFileType = sourcecode.c.h; path = RNBO_EventTarget.h; sourceTree = "<group>"; };
		D7F7C7D12BCAF9550003A118 /* RNBO_ExternalBase.h */ = {isa = PBXFileReference; fileEncoding = 4; lastKnownFileType = sourcecode.c.h; path = RNBO_ExternalBase.h; sourceTree = "<group>"; };
		D7F7C7D22BCAF9550003A118 /* RNBO_ExternalPtr.h */ = {isa = PBXFileReference; fileEncoding = 4; lastKnownFileType = sourcecode.c.h; path = RNBO_ExternalPtr.h; sourceTree = "<group>"; };
		D7F7C7D32BCAF9550003A118 /* RNBO_List.h */ = {isa = PBXFileReference; fileEncoding = 4; lastKnownFileType = sourcecode.c.h; path = RNBO_List.h; sourceTree = "<group>"; };
		D7F7C7D42BCAF9550003A118 /* RNBO_ListHelpers.h */ = {isa = PBXFileReference; fileEncoding = 4; lastKnownFileType = sourcecode.c.h; path = RNBO_ListHelpers.h; sourceTree = "<group>"; };
		D7F7C7D52BCAF9550003A118 /* RNBO_Logger.h */ = {isa = PBXFileReference; fileEncoding = 4; lastKnownFileType = sourcecode.c.h; path = RNBO_Logger.h; sourceTree = "<group>"; };
		D7F7C7D62BCAF9550003A118 /* RNBO_Math.h */ = {isa = PBXFileReference; fileEncoding = 4; lastKnownFileType = sourcecode.c.h; path = RNBO_Math.h; sourceTree = "<group>"; };
		D7F7C7D72BCAF9550003A118 /* RNBO_MathFast.h */ = {isa = PBXFileReference; fileEncoding = 4; lastKnownFileType = sourcecode.c.h; path = RNBO_MathFast.h; sourceTree = "<group>"; };
		D7F7C7D82BCAF9550003A118 /* RNBO_MIDIHelper.h */ = {isa = PBXFileReference; fileEncoding = 4; lastKnownFileType = sourcecode.c.h; path = RNBO_MIDIHelper.h; sourceTree = "<group>"; };
		D7F7C7D92BCAF9550003A118 /* RNBO_ParameterInterface.h */ = {isa = PBXFileReference; fileEncoding = 4; lastKnownFileType = sourcecode.c.h; path = RNBO_ParameterInterface.h; sourceTree = "<group>"; };
		D7F7C7DA2BCAF9550003A118 /* RNBO_PatcherEventTarget.h */ = {isa = PBXFileReference; fileEncoding = 4; lastKnownFileType = sourcecode.c.h; path = RNBO_PatcherEventTarget.h; sourceTree = "<group>"; };
		D7F7C7DB2BCAF9550003A118 /* RNBO_PatcherFactory.h */ = {isa = PBXFileReference; fileEncoding = 4; lastKnownFileType = sourcecode.c.h; path = RNBO_PatcherFactory.h; sourceTree = "<group>"; };
		D7F7C7DC2BCAF9550003A118 /* RNBO_PatcherInterface.h */ = {isa = PBXFileReference; fileEncoding = 4; lastKnownFileType = sourcecode.c.h; path = RNBO_PatcherInterface.h; sourceTree = "<group>"; };
		D7F7C7DD2BCAF9550003A118 /* RNBO_PatcherInterfaceImpl.h */ = {isa = PBXFileReference; fileEncoding = 4; lastKnownFileType = sourcecode.c.h; path = RNBO_PatcherInterfaceImpl.h; sourceTree = "<group>"; };
		D7F7C7DE2BCAF9550003A118 /* RNBO_PatcherStateInterface.h */ = {isa = PBXFileReference; fileEncoding = 4; lastKnownFileType = sourcecode.c.h; path = RNBO_PatcherStateInterface.h; sourceTree = "<group>"; };
		D7F7C7DF2BCAF9550003A118 /* RNBO_PlatformInterface.h */ = {isa = PBXFileReference; fileEncoding = 4; lastKnownFileType = sourcecode.c.h; path = RNBO_PlatformInterface.h; sourceTree = "<group>"; };
		D7F7C7E02BCAF9550003A118 /* RNBO_ProbingInterface.h */ = {isa = PBXFileReference; fileEncoding = 4; lastKnownFileType = sourcecode.c.h; path = RNBO_ProbingInterface.h; sourceTree = "<group>"; };
		D7F7C7E12BCAF9550003A118 /* RNBO_ProcessInterface.h */ = {isa = PBXFileReference; fileEncoding = 4; lastKnownFileType = sourcecode.c.h; path = RNBO_ProcessInterface.h; sourceTree = "<group>"; };
		D7F7C7E22BCAF9550003A118 /* RNBO_Std.h */ = {isa = PBXFileReference; fileEncoding = 4; lastKnownFileType = sourcecode.c.h; path = RNBO_Std.h; sourceTree = "<group>"; };
		D7F7C7E32BCAF9550003A118 /* RNBO_String.h */ = {isa = PBXFileReference; fileEncoding = 4; lastKnownFileType = sourcecode.c.h; path = RNBO_String.h; sourceTree = "<group>"; };
		D7F7C7E42BCAF9550003A118 /* RNBO_TimeConverter.h */ = {isa = PBXFileReference; fileEncoding = 4; lastKnownFileType = sourcecode.c.h; path = RNBO_TimeConverter.h; sourceTree = "<group>"; };
		D7F7C7E52BCAF9550003A118 /* RNBO_Types.h */ = {isa = PBXFileReference; fileEncoding = 4; lastKnownFileType = sourcecode.c.h; path = RNBO_Types.h; sourceTree = "<group>"; };
		D7F7C7E62BCAF9550003A118 /* RNBO_UniquePtr.h */ = {isa = PBXFileReference; fileEncoding = 4; lastKnownFileType = sourcecode.c.h; path = RNBO_UniquePtr.h; sourceTree = "<group>"; };
		D7F7C7E72BCAF9550003A118 /* RNBO_Version.h */ = {isa = PBXFileReference; fileEncoding = 4; lastKnownFileType = sourcecode.c.h; path = RNBO_Version.h; sourceTree = "<group>"; };
		D7F7C84C2BCAF9550003A118 /* .gitignore */ = {isa = PBXFileReference; fileEncoding = 4; lastKnownFileType = text; path = .gitignore; sourceTree = "<group>"; };
		D7F7C84D2BCAF9550003A118 /* LICENSE */ = {isa = PBXFileReference; fileEncoding = 4; lastKnownFileType = text; path = LICENSE; sourceTree = "<group>"; };
		D7F7C84E2BCAF9550003A118 /* RNBO.cpp */ = {isa = PBXFileReference; fileEncoding = 4; lastKnownFileType = sourcecode.cpp.cpp; path = RNBO.cpp; sourceTree = "<group>"; };
		D7F7C84F2BCAF9550003A118 /* RNBO.h */ = {isa = PBXFileReference; fileEncoding = 4; lastKnownFileType = sourcecode.c.h; path = RNBO.h; sourceTree = "<group>"; };
		D7F7C8502BCAF9550003A118 /* version.cmake */ = {isa = PBXFileReference; fileEncoding = 4; lastKnownFileType = text; path = version.cmake; sourceTree = "<group>"; };
		D7F7C8522BCAF9550003A118 /* dependencies.json */ = {isa = PBXFileReference; fileEncoding = 4; lastKnownFileType = text.json; path = dependencies.json; sourceTree = "<group>"; };
		D7F7C8532BCAF9550003A118 /* description.json */ = {isa = PBXFileReference; fileEncoding = 4; lastKnownFileType = text.json; path = description.json; sourceTree = "<group>"; };
		D7F7C8542BCAF9550003A118 /* presets.json */ = {isa = PBXFileReference; fileEncoding = 4; lastKnownFileType = text.json; path = presets.json; sourceTree = "<group>"; };
		D7F7C8552BCAF9550003A118 /* rnbo_source.cpp */ = {isa = PBXFileReference; fileEncoding = 4; lastKnownFileType = sourcecode.cpp.cpp; path = rnbo_source.cpp; sourceTree = "<group>"; };
/* End PBXFileReference section */

/* Begin PBXFrameworksBuildPhase section */
		D7A3200A2AFCEBE400EBC112 /* Frameworks */ = {
			isa = PBXFrameworksBuildPhase;
			buildActionMask = 2147483647;
			files = (
			);
			runOnlyForDeploymentPostprocessing = 0;
		};
/* End PBXFrameworksBuildPhase section */

/* Begin PBXGroup section */
		D70269752B83CF2E0083FA80 /* RNBOWrapper */ = {
			isa = PBXGroup;
			children = (
				D7A320132AFCEC0800EBC112 /* RNBO_FMOD.cpp */,
				D7A1318C2B59E94B0079D7AA /* RNBOWrapper.cpp */,
				D7A1318D2B59E94B0079D7AA /* RNBOWrapper.hpp */,
			);
			path = RNBOWrapper;
			sourceTree = "<group>";
		};
		D7A320032AFCEBE400EBC112 = {
			isa = PBXGroup;
			children = (
				D7F7C8562BCAF9550003A118 /* RNBOExportDir */,
				D70269752B83CF2E0083FA80 /* RNBOWrapper */,
				D7A3200D2AFCEBE500EBC112 /* Products */,
			);
			sourceTree = "<group>";
		};
		D7A3200D2AFCEBE500EBC112 /* Products */ = {
			isa = PBXGroup;
			children = (
				D7A3200C2AFCEBE500EBC112 /* libRNBO_FMOD.dylib */,
			);
			name = Products;
			sourceTree = "<group>";
		};
		D7F7C7E82BCAF9550003A118 /* common */ = {
			isa = PBXGroup;
			children = (
				D7F7C7C62BCAF9550003A118 /* RNBO_Array.h */,
				D7F7C7C72BCAF9550003A118 /* RNBO_AudioSignal.h */,
				D7F7C7C82BCAF9550003A118 /* RNBO_BaseInterface.h */,
				D7F7C7C92BCAF9550003A118 /* RNBO_CMath.h */,
				D7F7C7CA2BCAF9550003A118 /* RNBO_Common.h */,
				D7F7C7CB2BCAF9550003A118 /* RNBO_CompilerMacros.h */,
				D7F7C7CC2BCAF9550003A118 /* RNBO_DataRef.h */,
				D7F7C7CD2BCAF9550003A118 /* RNBO_Debug.h */,
				D7F7C7CE2BCAF9550003A118 /* RNBO_EngineInterface.h */,
				D7F7C7CF2BCAF9550003A118 /* RNBO_EngineLink.h */,
				D7F7C7D02BCAF9550003A118 /* RNBO_EventTarget.h */,
				D7F7C7D12BCAF9550003A118 /* RNBO_ExternalBase.h */,
				D7F7C7D22BCAF9550003A118 /* RNBO_ExternalPtr.h */,
				D7F7C7D32BCAF9550003A118 /* RNBO_List.h */,
				D7F7C7D42BCAF9550003A118 /* RNBO_ListHelpers.h */,
				D7F7C7D52BCAF9550003A118 /* RNBO_Logger.h */,
				D7F7C7D62BCAF9550003A118 /* RNBO_Math.h */,
				D7F7C7D72BCAF9550003A118 /* RNBO_MathFast.h */,
				D7F7C7D82BCAF9550003A118 /* RNBO_MIDIHelper.h */,
				D7F7C7D92BCAF9550003A118 /* RNBO_ParameterInterface.h */,
				D7F7C7DA2BCAF9550003A118 /* RNBO_PatcherEventTarget.h */,
				D7F7C7DB2BCAF9550003A118 /* RNBO_PatcherFactory.h */,
				D7F7C7DC2BCAF9550003A118 /* RNBO_PatcherInterface.h */,
				D7F7C7DD2BCAF9550003A118 /* RNBO_PatcherInterfaceImpl.h */,
				D7F7C7DE2BCAF9550003A118 /* RNBO_PatcherStateInterface.h */,
				D7F7C7DF2BCAF9550003A118 /* RNBO_PlatformInterface.h */,
				D7F7C7E02BCAF9550003A118 /* RNBO_ProbingInterface.h */,
				D7F7C7E12BCAF9550003A118 /* RNBO_ProcessInterface.h */,
				D7F7C7E22BCAF9550003A118 /* RNBO_Std.h */,
				D7F7C7E32BCAF9550003A118 /* RNBO_String.h */,
				D7F7C7E42BCAF9550003A118 /* RNBO_TimeConverter.h */,
				D7F7C7E52BCAF9550003A118 /* RNBO_Types.h */,
				D7F7C7E62BCAF9550003A118 /* RNBO_UniquePtr.h */,
				D7F7C7E72BCAF9550003A118 /* RNBO_Version.h */,
			);
			path = common;
			sourceTree = "<group>";
		};
		D7F7C8512BCAF9550003A118 /* rnbo */ = {
			isa = PBXGroup;
			children = (
				D7F7C7E82BCAF9550003A118 /* common */,
				D7F7C84C2BCAF9550003A118 /* .gitignore */,
				D7F7C84D2BCAF9550003A118 /* LICENSE */,
				D7F7C84E2BCAF9550003A118 /* RNBO.cpp */,
				D7F7C84F2BCAF9550003A118 /* RNBO.h */,
				D7F7C8502BCAF9550003A118 /* version.cmake */,
			);
			path = rnbo;
			sourceTree = "<group>";
		};
		D7F7C8562BCAF9550003A118 /* RNBOExportDir */ = {
			isa = PBXGroup;
			children = (
				D7F7C8512BCAF9550003A118 /* rnbo */,
				D7F7C8522BCAF9550003A118 /* dependencies.json */,
				D7F7C8532BCAF9550003A118 /* description.json */,
				D7F7C8542BCAF9550003A118 /* presets.json */,
				D7F7C8552BCAF9550003A118 /* rnbo_source.cpp */,
			);
			path = RNBOExportDir;
			sourceTree = SOURCE_ROOT;
		};
/* End PBXGroup section */

/* Begin PBXHeadersBuildPhase section */
		D7A320082AFCEBE400EBC112 /* Headers */ = {
			isa = PBXHeadersBuildPhase;
			buildActionMask = 2147483647;
			files = (
				D7F7C8682BCAF9550003A118 /* RNBO_AudioSignal.h in Headers */,
				D7F7C8812BCAF9550003A118 /* RNBO_ProbingInterface.h in Headers */,
				D7F7C8772BCAF9550003A118 /* RNBO_Math.h in Headers */,
				D7F7C86E2BCAF9550003A118 /* RNBO_Debug.h in Headers */,
				D7F7C87E2BCAF9550003A118 /* RNBO_PatcherInterfaceImpl.h in Headers */,
				D7F7C8822BCAF9550003A118 /* RNBO_ProcessInterface.h in Headers */,
				D7F7C8672BCAF9550003A118 /* RNBO_Array.h in Headers */,
				D7F7C86C2BCAF9550003A118 /* RNBO_CompilerMacros.h in Headers */,
				D7F7C8762BCAF9550003A118 /* RNBO_Logger.h in Headers */,
				D7F7C8792BCAF9550003A118 /* RNBO_MIDIHelper.h in Headers */,
				D7F7C8692BCAF9550003A118 /* RNBO_BaseInterface.h in Headers */,
				D7F7C87C2BCAF9550003A118 /* RNBO_PatcherFactory.h in Headers */,
				D7F7C86F2BCAF9550003A118 /* RNBO_EngineInterface.h in Headers */,
				D7F7C8742BCAF9550003A118 /* RNBO_List.h in Headers */,
				D7F7C8852BCAF9550003A118 /* RNBO_TimeConverter.h in Headers */,
				D7F7C8832BCAF9550003A118 /* RNBO_Std.h in Headers */,
				D7F7C8872BCAF9550003A118 /* RNBO_UniquePtr.h in Headers */,
				D7F7C87D2BCAF9550003A118 /* RNBO_PatcherInterface.h in Headers */,
				D7F7C8862BCAF9550003A118 /* RNBO_Types.h in Headers */,
				D7F7C8782BCAF9550003A118 /* RNBO_MathFast.h in Headers */,
				D7F7C87B2BCAF9550003A118 /* RNBO_PatcherEventTarget.h in Headers */,
				D7F7C86A2BCAF9550003A118 /* RNBO_CMath.h in Headers */,
				D7F7C8802BCAF9550003A118 /* RNBO_PlatformInterface.h in Headers */,
				D7F7C8722BCAF9550003A118 /* RNBO_ExternalBase.h in Headers */,
				D7F7C8702BCAF9550003A118 /* RNBO_EngineLink.h in Headers */,
				D7A1318F2B59E94C0079D7AA /* RNBOWrapper.hpp in Headers */,
				D7F7C8752BCAF9550003A118 /* RNBO_ListHelpers.h in Headers */,
				D7F7C86D2BCAF9550003A118 /* RNBO_DataRef.h in Headers */,
				D7F7C8842BCAF9550003A118 /* RNBO_String.h in Headers */,
				D7F7C8882BCAF9550003A118 /* RNBO_Version.h in Headers */,
				D7F7C86B2BCAF9550003A118 /* RNBO_Common.h in Headers */,
				D7F7C87A2BCAF9550003A118 /* RNBO_ParameterInterface.h in Headers */,
				D7F7C87F2BCAF9550003A118 /* RNBO_PatcherStateInterface.h in Headers */,
				D7F7C8DD2BCAF9550003A118 /* RNBO.h in Headers */,
				D7F7C8712BCAF9550003A118 /* RNBO_EventTarget.h in Headers */,
				D7F7C8732BCAF9550003A118 /* RNBO_ExternalPtr.h in Headers */,
			);
			runOnlyForDeploymentPostprocessing = 0;
		};
/* End PBXHeadersBuildPhase section */

/* Begin PBXNativeTarget section */
		D7A3200B2AFCEBE400EBC112 /* RNBO_FMOD */ = {
			isa = PBXNativeTarget;
			buildConfigurationList = D7A320102AFCEBE500EBC112 /* Build configuration list for PBXNativeTarget "RNBO_FMOD" */;
			buildPhases = (
				D7A320082AFCEBE400EBC112 /* Headers */,
				D7A320092AFCEBE400EBC112 /* Sources */,
				D7A3200A2AFCEBE400EBC112 /* Frameworks */,
			);
			buildRules = (
			);
			dependencies = (
			);
			name = RNBO_FMOD;
			productName = RNBO_FMOD;
			productReference = D7A3200C2AFCEBE500EBC112 /* libRNBO_FMOD.dylib */;
			productType = "com.apple.product-type.library.dynamic";
		};
/* End PBXNativeTarget section */

/* Begin PBXProject section */
		D7A320042AFCEBE400EBC112 /* Project object */ = {
			isa = PBXProject;
			attributes = {
				BuildIndependentTargetsInParallel = 1;
				LastUpgradeCheck = 1430;
				TargetAttributes = {
					D7A3200B2AFCEBE400EBC112 = {
						CreatedOnToolsVersion = 14.3.1;
					};
				};
			};
			buildConfigurationList = D7A320072AFCEBE400EBC112 /* Build configuration list for PBXProject "RNBO_FMOD" */;
			compatibilityVersion = "Xcode 14.0";
			developmentRegion = en;
			hasScannedForEncodings = 0;
			knownRegions = (
				en,
				Base,
			);
			mainGroup = D7A320032AFCEBE400EBC112;
			productRefGroup = D7A3200D2AFCEBE500EBC112 /* Products */;
			projectDirPath = "";
			projectRoot = "";
			targets = (
				D7A3200B2AFCEBE400EBC112 /* RNBO_FMOD */,
			);
		};
/* End PBXProject section */

/* Begin PBXSourcesBuildPhase section */
		D7A320092AFCEBE400EBC112 /* Sources */ = {
			isa = PBXSourcesBuildPhase;
			buildActionMask = 2147483647;
			files = (
				D7F7C8DE2BCAF9550003A118 /* rnbo_source.cpp in Sources */,
				D7A1318E2B59E94C0079D7AA /* RNBOWrapper.cpp in Sources */,
				D7F7C8DC2BCAF9550003A118 /* RNBO.cpp in Sources */,
				D7A320142AFCEC0800EBC112 /* RNBO_FMOD.cpp in Sources */,
			);
			runOnlyForDeploymentPostprocessing = 0;
		};
/* End PBXSourcesBuildPhase section */

/* Begin XCBuildConfiguration section */
		D7A3200E2AFCEBE500EBC112 /* Debug */ = {
			isa = XCBuildConfiguration;
			buildSettings = {
				ALWAYS_SEARCH_USER_PATHS = NO;
				CLANG_ANALYZER_NONNULL = YES;
				CLANG_ANALYZER_NUMBER_OBJECT_CONVERSION = YES_AGGRESSIVE;
				CLANG_CXX_LANGUAGE_STANDARD = "gnu++20";
				CLANG_ENABLE_MODULES = YES;
				CLANG_ENABLE_OBJC_ARC = YES;
				CLANG_ENABLE_OBJC_WEAK = YES;
				CLANG_WARN_BLOCK_CAPTURE_AUTORELEASING = YES;
				CLANG_WARN_BOOL_CONVERSION = YES;
				CLANG_WARN_COMMA = YES;
				CLANG_WARN_CONSTANT_CONVERSION = YES;
				CLANG_WARN_DEPRECATED_OBJC_IMPLEMENTATIONS = YES;
				CLANG_WARN_DIRECT_OBJC_ISA_USAGE = YES_ERROR;
				CLANG_WARN_DOCUMENTATION_COMMENTS = YES;
				CLANG_WARN_EMPTY_BODY = YES;
				CLANG_WARN_ENUM_CONVERSION = YES;
				CLANG_WARN_INFINITE_RECURSION = YES;
				CLANG_WARN_INT_CONVERSION = YES;
				CLANG_WARN_NON_LITERAL_NULL_CONVERSION = YES;
				CLANG_WARN_OBJC_IMPLICIT_RETAIN_SELF = YES;
				CLANG_WARN_OBJC_LITERAL_CONVERSION = YES;
				CLANG_WARN_OBJC_ROOT_CLASS = YES_ERROR;
				CLANG_WARN_QUOTED_INCLUDE_IN_FRAMEWORK_HEADER = YES;
				CLANG_WARN_RANGE_LOOP_ANALYSIS = YES;
				CLANG_WARN_STRICT_PROTOTYPES = YES;
				CLANG_WARN_SUSPICIOUS_MOVE = YES;
				CLANG_WARN_UNGUARDED_AVAILABILITY = YES_AGGRESSIVE;
				CLANG_WARN_UNREACHABLE_CODE = YES;
				CLANG_WARN__DUPLICATE_METHOD_MATCH = YES;
				COPY_PHASE_STRIP = NO;
				DEBUG_INFORMATION_FORMAT = dwarf;
				ENABLE_STRICT_OBJC_MSGSEND = YES;
				ENABLE_TESTABILITY = YES;
				GCC_C_LANGUAGE_STANDARD = gnu11;
				GCC_DYNAMIC_NO_PIC = NO;
				GCC_NO_COMMON_BLOCKS = YES;
				GCC_OPTIMIZATION_LEVEL = 0;
				GCC_PREPROCESSOR_DEFINITIONS = (
					"DEBUG=1",
					"$(inherited)",
				);
				GCC_WARN_64_TO_32_BIT_CONVERSION = YES;
				GCC_WARN_ABOUT_RETURN_TYPE = YES_ERROR;
				GCC_WARN_UNDECLARED_SELECTOR = YES;
				GCC_WARN_UNINITIALIZED_AUTOS = YES_AGGRESSIVE;
				GCC_WARN_UNUSED_FUNCTION = YES;
				GCC_WARN_UNUSED_VARIABLE = YES;
				HEADER_SEARCH_PATHS = (
					../inc,
					./RNBOExportDir/rnbo,
					./RNBOExportDir/common,
				);
				INSTALL_PATH = "~/Applications/FMOD Studio.app/Contents/Plugins";
				MACOSX_DEPLOYMENT_TARGET = 13.3;
				MTL_ENABLE_DEBUG_INFO = INCLUDE_SOURCE;
				MTL_FAST_MATH = YES;
				ONLY_ACTIVE_ARCH = YES;
				SDKROOT = macosx;
			};
			name = Debug;
		};
		D7A3200F2AFCEBE500EBC112 /* Release */ = {
			isa = XCBuildConfiguration;
			buildSettings = {
				ALWAYS_SEARCH_USER_PATHS = NO;
				CLANG_ANALYZER_NONNULL = YES;
				CLANG_ANALYZER_NUMBER_OBJECT_CONVERSION = YES_AGGRESSIVE;
				CLANG_CXX_LANGUAGE_STANDARD = "gnu++20";
				CLANG_ENABLE_MODULES = YES;
				CLANG_ENABLE_OBJC_ARC = YES;
				CLANG_ENABLE_OBJC_WEAK = YES;
				CLANG_WARN_BLOCK_CAPTURE_AUTORELEASING = YES;
				CLANG_WARN_BOOL_CONVERSION = YES;
				CLANG_WARN_COMMA = YES;
				CLANG_WARN_CONSTANT_CONVERSION = YES;
				CLANG_WARN_DEPRECATED_OBJC_IMPLEMENTATIONS = YES;
				CLANG_WARN_DIRECT_OBJC_ISA_USAGE = YES_ERROR;
				CLANG_WARN_DOCUMENTATION_COMMENTS = YES;
				CLANG_WARN_EMPTY_BODY = YES;
				CLANG_WARN_ENUM_CONVERSION = YES;
				CLANG_WARN_INFINITE_RECURSION = YES;
				CLANG_WARN_INT_CONVERSION = YES;
				CLANG_WARN_NON_LITERAL_NULL_CONVERSION = YES;
				CLANG_WARN_OBJC_IMPLICIT_RETAIN_SELF = YES;
				CLANG_WARN_OBJC_LITERAL_CONVERSION = YES;
				CLANG_WARN_OBJC_ROOT_CLASS = YES_ERROR;
				CLANG_WARN_QUOTED_INCLUDE_IN_FRAMEWORK_HEADER = YES;
				CLANG_WARN_RANGE_LOOP_ANALYSIS = YES;
				CLANG_WARN_STRICT_PROTOTYPES = YES;
				CLANG_WARN_SUSPICIOUS_MOVE = YES;
				CLANG_WARN_UNGUARDED_AVAILABILITY = YES_AGGRESSIVE;
				CLANG_WARN_UNREACHABLE_CODE = YES;
				CLANG_WARN__DUPLICATE_METHOD_MATCH = YES;
				COPY_PHASE_STRIP = NO;
				DEBUG_INFORMATION_FORMAT = "dwarf-with-dsym";
				ENABLE_NS_ASSERTIONS = NO;
				ENABLE_STRICT_OBJC_MSGSEND = YES;
				GCC_C_LANGUAGE_STANDARD = gnu11;
				GCC_NO_COMMON_BLOCKS = YES;
				GCC_WARN_64_TO_32_BIT_CONVERSION = YES;
				GCC_WARN_ABOUT_RETURN_TYPE = YES_ERROR;
				GCC_WARN_UNDECLARED_SELECTOR = YES;
				GCC_WARN_UNINITIALIZED_AUTOS = YES_AGGRESSIVE;
				GCC_WARN_UNUSED_FUNCTION = YES;
				GCC_WARN_UNUSED_VARIABLE = YES;
				HEADER_SEARCH_PATHS = (
					../inc,
					./RNBOExportDir/rnbo,
					./RNBOExportDir/common,
				);
				INSTALL_PATH = "~/Applications/FMOD Studio.app/Contents/Plugins";
				MACOSX_DEPLOYMENT_TARGET = 13.3;
				MTL_ENABLE_DEBUG_INFO = NO;
				MTL_FAST_MATH = YES;
				SDKROOT = macosx;
			};
			name = Release;
		};
		D7A320112AFCEBE500EBC112 /* Debug */ = {
			isa = XCBuildConfiguration;
			buildSettings = {
				CODE_SIGN_STYLE = Automatic;
				DEVELOPMENT_TEAM = 8B38T6252F;
				DYLIB_COMPATIBILITY_VERSION = 1;
				DYLIB_CURRENT_VERSION = 1;
				EXECUTABLE_PREFIX = lib;
				HEADER_SEARCH_PATHS = (
					../inc,
					./RNBOExportDir/rnbo,
					./RNBOExportDir/rnbo/common,
				);
				PRODUCT_NAME = "$(TARGET_NAME)";
				SKIP_INSTALL = YES;
			};
			name = Debug;
		};
		D7A320122AFCEBE500EBC112 /* Release */ = {
			isa = XCBuildConfiguration;
			buildSettings = {
				CODE_SIGN_STYLE = Automatic;
				DEVELOPMENT_TEAM = 8B38T6252F;
				DYLIB_COMPATIBILITY_VERSION = 1;
				DYLIB_CURRENT_VERSION = 1;
				EXECUTABLE_PREFIX = lib;
				HEADER_SEARCH_PATHS = (
					../inc,
					./RNBOExportDir/rnbo,
					./RNBOExportDir/rnbo/common,
				);
				PRODUCT_NAME = "$(TARGET_NAME)";
				SKIP_INSTALL = YES;
			};
			name = Release;
		};
/* End XCBuildConfiguration section */

/* Begin XCConfigurationList section */
		D7A320072AFCEBE400EBC112 /* Build configuration list for PBXProject "RNBO_FMOD" */ = {
			isa = XCConfigurationList;
			buildConfigurations = (
				D7A3200E2AFCEBE500EBC112 /* Debug */,
				D7A3200F2AFCEBE500EBC112 /* Release */,
			);
			defaultConfigurationIsVisible = 0;
			defaultConfigurationName = Release;
		};
		D7A320102AFCEBE500EBC112 /* Build configuration list for PBXNativeTarget "RNBO_FMOD" */ = {
			isa = XCConfigurationList;
			buildConfigurations = (
				D7A320112AFCEBE500EBC112 /* Debug */,
				D7A320122AFCEBE500EBC112 /* Release */,
			);
			defaultConfigurationIsVisible = 0;
			defaultConfigurationName = Release;
		};
/* End XCConfigurationList section */
	};
	rootObject = D7A320042AFCEBE400EBC112 /* Project object */;
}
